
Microsoft Visual Studio Solution File, Format Version 12.00
# Visual Studio 2012
Project("{FAE04EC0-301F-11D3-BF4B-00C04F79EFBC}") = "Socializr.iOS", "Socializr.iOS\Socializr.iOS.csproj", "{2852D068-F649-42E3-8516-62BC8D2A4957}"
EndProject
Global
	GlobalSection(SolutionConfigurationPlatforms) = preSolution
		Debug|iPhoneSimulator = Debug|iPhoneSimulator
		Release|iPhone = Release|iPhone
		Release|iPhoneSimulator = Release|iPhoneSimulator
		Debug|iPhone = Debug|iPhone
	EndGlobalSection
	GlobalSection(ProjectConfigurationPlatforms) = postSolution
		{2852D068-F649-42E3-8516-62BC8D2A4957}.Debug|iPhoneSimulator.ActiveCfg = Debug|iPhoneSimulator
		{2852D068-F649-42E3-8516-62BC8D2A4957}.Debug|iPhoneSimulator.Build.0 = Debug|iPhoneSimulator
		{2852D068-F649-42E3-8516-62BC8D2A4957}.Release|iPhone.ActiveCfg = Release|iPhone
		{2852D068-F649-42E3-8516-62BC8D2A4957}.Release|iPhone.Build.0 = Release|iPhone
		{2852D068-F649-42E3-8516-62BC8D2A4957}.Release|iPhoneSimulator.ActiveCfg = Release|iPhoneSimulator
		{2852D068-F649-42E3-8516-62BC8D2A4957}.Release|iPhoneSimulator.Build.0 = Release|iPhoneSimulator
		{2852D068-F649-42E3-8516-62BC8D2A4957}.Debug|iPhone.ActiveCfg = Debug|iPhone
		{2852D068-F649-42E3-8516-62BC8D2A4957}.Debug|iPhone.Build.0 = Debug|iPhone
	EndGlobalSection
EndGlobal
